// !$*UTF8*$!
{
	archiveVersion = 1;
	classes = {
	};
	objectVersion = 46;
	objects = {

/* Begin PBXBuildFile section */
		722804111A84269A00951C7B /* main.m in Sources */ = {isa = PBXBuildFile; fileRef = 722804101A84269A00951C7B /* main.m */; };
		722804141A84269A00951C7B /* AppDelegate.m in Sources */ = {isa = PBXBuildFile; fileRef = 722804131A84269A00951C7B /* AppDelegate.m */; };
		7228041C1A84269A00951C7B /* Images.xcassets in Resources */ = {isa = PBXBuildFile; fileRef = 7228041B1A84269A00951C7B /* Images.xcassets */; };
		7228042B1A84269A00951C7B /* Queue_sadillaTests.m in Sources */ = {isa = PBXBuildFile; fileRef = 7228042A1A84269A00951C7B /* Queue_sadillaTests.m */; };
/* End PBXBuildFile section */

/* Begin PBXContainerItemProxy section */
		722804251A84269A00951C7B /* PBXContainerItemProxy */ = {
			isa = PBXContainerItemProxy;
			containerPortal = 722804031A84269A00951C7B /* Project object */;
			proxyType = 1;
			remoteGlobalIDString = 7228040A1A84269A00951C7B;
			remoteInfo = "Queue-sadilla";
		};
/* End PBXContainerItemProxy section */

/* Begin PBXFileReference section */
		7228040B1A84269A00951C7B /* Queue-sadilla.app */ = {isa = PBXFileReference; explicitFileType = wrapper.application; includeInIndex = 0; path = "Queue-sadilla.app"; sourceTree = BUILT_PRODUCTS_DIR; };
		7228040F1A84269A00951C7B /* Info.plist */ = {isa = PBXFileReference; lastKnownFileType = text.plist.xml; path = Info.plist; sourceTree = "<group>"; };
		722804101A84269A00951C7B /* main.m */ = {isa = PBXFileReference; lastKnownFileType = sourcecode.c.objc; path = main.m; sourceTree = "<group>"; };
		722804121A84269A00951C7B /* AppDelegate.h */ = {isa = PBXFileReference; lastKnownFileType = sourcecode.c.h; path = AppDelegate.h; sourceTree = "<group>"; };
		722804131A84269A00951C7B /* AppDelegate.m */ = {isa = PBXFileReference; lastKnownFileType = sourcecode.c.objc; path = AppDelegate.m; sourceTree = "<group>"; };
		7228041B1A84269A00951C7B /* Images.xcassets */ = {isa = PBXFileReference; lastKnownFileType = folder.assetcatalog; path = Images.xcassets; sourceTree = "<group>"; };
		722804241A84269A00951C7B /* Queue-sadillaTests.xctest */ = {isa = PBXFileReference; explicitFileType = wrapper.cfbundle; includeInIndex = 0; path = "Queue-sadillaTests.xctest"; sourceTree = BUILT_PRODUCTS_DIR; };
		722804291A84269A00951C7B /* Info.plist */ = {isa = PBXFileReference; lastKnownFileType = text.plist.xml; path = Info.plist; sourceTree = "<group>"; };
		7228042A1A84269A00951C7B /* Queue_sadillaTests.m */ = {isa = PBXFileReference; lastKnownFileType = sourcecode.c.objc; path = Queue_sadillaTests.m; sourceTree = "<group>"; };
/* End PBXFileReference section */

/* Begin PBXFrameworksBuildPhase section */
		722804081A84269A00951C7B /* Frameworks */ = {
			isa = PBXFrameworksBuildPhase;
			buildActionMask = 2147483647;
			files = (
			);
			runOnlyForDeploymentPostprocessing = 0;
		};
		722804211A84269A00951C7B /* Frameworks */ = {
			isa = PBXFrameworksBuildPhase;
			buildActionMask = 2147483647;
			files = (
			);
			runOnlyForDeploymentPostprocessing = 0;
		};
/* End PBXFrameworksBuildPhase section */

/* Begin PBXGroup section */
		722804021A84269A00951C7B = {
			isa = PBXGroup;
			children = (
				7228040D1A84269A00951C7B /* Queue-sadilla */,
				722804271A84269A00951C7B /* Queue-sadillaTests */,
				7228040C1A84269A00951C7B /* Products */,
			);
			sourceTree = "<group>";
		};
		7228040C1A84269A00951C7B /* Products */ = {
			isa = PBXGroup;
			children = (
				7228040B1A84269A00951C7B /* Queue-sadilla.app */,
				722804241A84269A00951C7B /* Queue-sadillaTests.xctest */,
			);
			name = Products;
			sourceTree = "<group>";
		};
		7228040D1A84269A00951C7B /* Queue-sadilla */ = {
			isa = PBXGroup;
			children = (
				722804121A84269A00951C7B /* AppDelegate.h */,
				722804131A84269A00951C7B /* AppDelegate.m */,
				7228041B1A84269A00951C7B /* Images.xcassets */,
				7228040E1A84269A00951C7B /* Supporting Files */,
			);
			path = "Queue-sadilla";
			sourceTree = "<group>";
		};
		7228040E1A84269A00951C7B /* Supporting Files */ = {
			isa = PBXGroup;
			children = (
				7228040F1A84269A00951C7B /* Info.plist */,
				722804101A84269A00951C7B /* main.m */,
			);
			name = "Supporting Files";
			sourceTree = "<group>";
		};
		722804271A84269A00951C7B /* Queue-sadillaTests */ = {
			isa = PBXGroup;
			children = (
				7228042A1A84269A00951C7B /* Queue_sadillaTests.m */,
				722804281A84269A00951C7B /* Supporting Files */,
			);
			path = "Queue-sadillaTests";
			sourceTree = "<group>";
		};
		722804281A84269A00951C7B /* Supporting Files */ = {
			isa = PBXGroup;
			children = (
				722804291A84269A00951C7B /* Info.plist */,
			);
			name = "Supporting Files";
			sourceTree = "<group>";
		};
/* End PBXGroup section */

/* Begin PBXNativeTarget section */
		7228040A1A84269A00951C7B /* Queue-sadilla */ = {
			isa = PBXNativeTarget;
			buildConfigurationList = 7228042E1A84269A00951C7B /* Build configuration list for PBXNativeTarget "Queue-sadilla" */;
			buildPhases = (
				722804071A84269A00951C7B /* Sources */,
				722804081A84269A00951C7B /* Frameworks */,
				722804091A84269A00951C7B /* Resources */,
			);
			buildRules = (
			);
			dependencies = (
			);
			name = "Queue-sadilla";
			productName = "Queue-sadilla";
			productReference = 7228040B1A84269A00951C7B /* Queue-sadilla.app */;
			productType = "com.apple.product-type.application";
		};
		722804231A84269A00951C7B /* Queue-sadillaTests */ = {
			isa = PBXNativeTarget;
			buildConfigurationList = 722804311A84269A00951C7B /* Build configuration list for PBXNativeTarget "Queue-sadillaTests" */;
			buildPhases = (
				722804201A84269A00951C7B /* Sources */,
				722804211A84269A00951C7B /* Frameworks */,
				722804221A84269A00951C7B /* Resources */,
			);
			buildRules = (
			);
			dependencies = (
				722804261A84269A00951C7B /* PBXTargetDependency */,
			);
			name = "Queue-sadillaTests";
			productName = "Queue-sadillaTests";
			productReference = 722804241A84269A00951C7B /* Queue-sadillaTests.xctest */;
			productType = "com.apple.product-type.bundle.unit-test";
		};
/* End PBXNativeTarget section */

/* Begin PBXProject section */
		722804031A84269A00951C7B /* Project object */ = {
			isa = PBXProject;
			attributes = {
				LastUpgradeCheck = 0610;
				ORGANIZATIONNAME = FIS;
				TargetAttributes = {
					7228040A1A84269A00951C7B = {
						CreatedOnToolsVersion = 6.1.1;
					};
					722804231A84269A00951C7B = {
						CreatedOnToolsVersion = 6.1.1;
						TestTargetID = 7228040A1A84269A00951C7B;
					};
				};
			};
			buildConfigurationList = 722804061A84269A00951C7B /* Build configuration list for PBXProject "Queue-sadilla" */;
			compatibilityVersion = "Xcode 3.2";
			developmentRegion = English;
			hasScannedForEncodings = 0;
			knownRegions = (
				en,
				Base,
			);
			mainGroup = 722804021A84269A00951C7B;
			productRefGroup = 7228040C1A84269A00951C7B /* Products */;
			projectDirPath = "";
			projectRoot = "";
			targets = (
				7228040A1A84269A00951C7B /* Queue-sadilla */,
				722804231A84269A00951C7B /* Queue-sadillaTests */,
			);
		};
/* End PBXProject section */

/* Begin PBXResourcesBuildPhase section */
		722804091A84269A00951C7B /* Resources */ = {
			isa = PBXResourcesBuildPhase;
			buildActionMask = 2147483647;
			files = (
				7228041C1A84269A00951C7B /* Images.xcassets in Resources */,
			);
			runOnlyForDeploymentPostprocessing = 0;
		};
		722804221A84269A00951C7B /* Resources */ = {
			isa = PBXResourcesBuildPhase;
			buildActionMask = 2147483647;
			files = (
			);
			runOnlyForDeploymentPostprocessing = 0;
		};
/* End PBXResourcesBuildPhase section */

/* Begin PBXSourcesBuildPhase section */
		722804071A84269A00951C7B /* Sources */ = {
			isa = PBXSourcesBuildPhase;
			buildActionMask = 2147483647;
			files = (
				722804141A84269A00951C7B /* AppDelegate.m in Sources */,
				722804111A84269A00951C7B /* main.m in Sources */,
			);
			runOnlyForDeploymentPostprocessing = 0;
		};
		722804201A84269A00951C7B /* Sources */ = {
			isa = PBXSourcesBuildPhase;
			buildActionMask = 2147483647;
			files = (
				7228042B1A84269A00951C7B /* Queue_sadillaTests.m in Sources */,
			);
			runOnlyForDeploymentPostprocessing = 0;
		};
/* End PBXSourcesBuildPhase section */

/* Begin PBXTargetDependency section */
		722804261A84269A00951C7B /* PBXTargetDependency */ = {
			isa = PBXTargetDependency;
			target = 7228040A1A84269A00951C7B /* Queue-sadilla */;
			targetProxy = 722804251A84269A00951C7B /* PBXContainerItemProxy */;
		};
/* End PBXTargetDependency section */

/* Begin XCBuildConfiguration section */
		7228042C1A84269A00951C7B /* Debug */ = {
			isa = XCBuildConfiguration;
			buildSettings = {
				ALWAYS_SEARCH_USER_PATHS = NO;
				CLANG_CXX_LANGUAGE_STANDARD = "gnu++0x";
				CLANG_CXX_LIBRARY = "libc++";
				CLANG_ENABLE_MODULES = YES;
				CLANG_ENABLE_OBJC_ARC = YES;
				CLANG_WARN_BOOL_CONVERSION = YES;
				CLANG_WARN_CONSTANT_CONVERSION = YES;
				CLANG_WARN_DIRECT_OBJC_ISA_USAGE = YES_ERROR;
				CLANG_WARN_EMPTY_BODY = YES;
				CLANG_WARN_ENUM_CONVERSION = YES;
				CLANG_WARN_INT_CONVERSION = YES;
				CLANG_WARN_OBJC_ROOT_CLASS = YES_ERROR;
				CLANG_WARN_UNREACHABLE_CODE = YES;
				CLANG_WARN__DUPLICATE_METHOD_MATCH = YES;
				"CODE_SIGN_IDENTITY[sdk=iphoneos*]" = "iPhone Developer";
				COPY_PHASE_STRIP = NO;
				ENABLE_STRICT_OBJC_MSGSEND = YES;
				GCC_C_LANGUAGE_STANDARD = gnu99;
				GCC_DYNAMIC_NO_PIC = NO;
				GCC_OPTIMIZATION_LEVEL = 0;
				GCC_PREPROCESSOR_DEFINITIONS = (
					"DEBUG=1",
					"$(inherited)",
				);
				GCC_SYMBOLS_PRIVATE_EXTERN = NO;
				GCC_WARN_64_TO_32_BIT_CONVERSION = YES;
				GCC_WARN_ABOUT_RETURN_TYPE = YES_ERROR;
				GCC_WARN_UNDECLARED_SELECTOR = YES;
				GCC_WARN_UNINITIALIZED_AUTOS = YES_AGGRESSIVE;
				GCC_WARN_UNUSED_FUNCTION = YES;
				GCC_WARN_UNUSED_VARIABLE = YES;
				IPHONEOS_DEPLOYMENT_TARGET = 8.1;
				MTL_ENABLE_DEBUG_INFO = YES;
				ONLY_ACTIVE_ARCH = YES;
				SDKROOT = iphoneos;
			};
			name = Debug;
		};
		7228042D1A84269A00951C7B /* Release */ = {
			isa = XCBuildConfiguration;
			buildSettings = {
				ALWAYS_SEARCH_USER_PATHS = NO;
				CLANG_CXX_LANGUAGE_STANDARD = "gnu++0x";
				CLANG_CXX_LIBRARY = "libc++";
				CLANG_ENABLE_MODULES = YES;
				CLANG_ENABLE_OBJC_ARC = YES;
				CLANG_WARN_BOOL_CONVERSION = YES;
				CLANG_WARN_CONSTANT_CONVERSION = YES;
				CLANG_WARN_DIRECT_OBJC_ISA_USAGE = YES_ERROR;
				CLANG_WARN_EMPTY_BODY = YES;
				CLANG_WARN_ENUM_CONVERSION = YES;
				CLANG_WARN_INT_CONVERSION = YES;
				CLANG_WARN_OBJC_ROOT_CLASS = YES_ERROR;
				CLANG_WARN_UNREACHABLE_CODE = YES;
				CLANG_WARN__DUPLICATE_METHOD_MATCH = YES;
				"CODE_SIGN_IDENTITY[sdk=iphoneos*]" = "iPhone Developer";
				COPY_PHASE_STRIP = YES;
				ENABLE_NS_ASSERTIONS = NO;
				ENABLE_STRICT_OBJC_MSGSEND = YES;
				GCC_C_LANGUAGE_STANDARD = gnu99;
				GCC_WARN_64_TO_32_BIT_CONVERSION = YES;
				GCC_WARN_ABOUT_RETURN_TYPE = YES_ERROR;
				GCC_WARN_UNDECLARED_SELECTOR = YES;
				GCC_WARN_UNINITIALIZED_AUTOS = YES_AGGRESSIVE;
				GCC_WARN_UNUSED_FUNCTION = YES;
				GCC_WARN_UNUSED_VARIABLE = YES;
				IPHONEOS_DEPLOYMENT_TARGET = 8.1;
				MTL_ENABLE_DEBUG_INFO = NO;
				SDKROOT = iphoneos;
				VALIDATE_PRODUCT = YES;
			};
			name = Release;
		};
		7228042F1A84269A00951C7B /* Debug */ = {
			isa = XCBuildConfiguration;
			buildSettings = {
				ASSETCATALOG_COMPILER_APPICON_NAME = AppIcon;
				INFOPLIST_FILE = "Queue-sadilla/Info.plist";
				LD_RUNPATH_SEARCH_PATHS = "$(inherited) @executable_path/Frameworks";
				PRODUCT_NAME = "$(TARGET_NAME)";
			};
			name = Debug;
		};
		722804301A84269A00951C7B /* Release */ = {
			isa = XCBuildConfiguration;
			buildSettings = {
				ASSETCATALOG_COMPILER_APPICON_NAME = AppIcon;
				INFOPLIST_FILE = "Queue-sadilla/Info.plist";
				LD_RUNPATH_SEARCH_PATHS = "$(inherited) @executable_path/Frameworks";
				PRODUCT_NAME = "$(TARGET_NAME)";
			};
			name = Release;
		};
		722804321A84269A00951C7B /* Debug */ = {
			isa = XCBuildConfiguration;
			buildSettings = {
				BUNDLE_LOADER = "$(TEST_HOST)";
				FRAMEWORK_SEARCH_PATHS = (
					"$(SDKROOT)/Developer/Library/Frameworks",
					"$(inherited)",
				);
				GCC_PREPROCESSOR_DEFINITIONS = (
					"DEBUG=1",
					"$(inherited)",
				);
				INFOPLIST_FILE = "Queue-sadillaTests/Info.plist";
				LD_RUNPATH_SEARCH_PATHS = "$(inherited) @executable_path/Frameworks @loader_path/Frameworks";
				PRODUCT_NAME = "$(TARGET_NAME)";
				TEST_HOST = "$(BUILT_PRODUCTS_DIR)/Queue-sadilla.app/Queue-sadilla";
			};
			name = Debug;
		};
		722804331A84269A00951C7B /* Release */ = {
			isa = XCBuildConfiguration;
			buildSettings = {
				BUNDLE_LOADER = "$(TEST_HOST)";
				FRAMEWORK_SEARCH_PATHS = (
					"$(SDKROOT)/Developer/Library/Frameworks",
					"$(inherited)",
				);
				INFOPLIST_FILE = "Queue-sadillaTests/Info.plist";
				LD_RUNPATH_SEARCH_PATHS = "$(inherited) @executable_path/Frameworks @loader_path/Frameworks";
				PRODUCT_NAME = "$(TARGET_NAME)";
				TEST_HOST = "$(BUILT_PRODUCTS_DIR)/Queue-sadilla.app/Queue-sadilla";
			};
			name = Release;
		};
/* End XCBuildConfiguration section */

/* Begin XCConfigurationList section */
		722804061A84269A00951C7B /* Build configuration list for PBXProject "Queue-sadilla" */ = {
			isa = XCConfigurationList;
			buildConfigurations = (
				7228042C1A84269A00951C7B /* Debug */,
				7228042D1A84269A00951C7B /* Release */,
			);
			defaultConfigurationIsVisible = 0;
			defaultConfigurationName = Release;
		};
		7228042E1A84269A00951C7B /* Build configuration list for PBXNativeTarget "Queue-sadilla" */ = {
			isa = XCConfigurationList;
			buildConfigurations = (
				7228042F1A84269A00951C7B /* Debug */,
				722804301A84269A00951C7B /* Release */,
			);
			defaultConfigurationIsVisible = 0;
		};
		722804311A84269A00951C7B /* Build configuration list for PBXNativeTarget "Queue-sadillaTests" */ = {
			isa = XCConfigurationList;
			buildConfigurations = (
				722804321A84269A00951C7B /* Debug */,
				722804331A84269A00951C7B /* Release */,
			);
			defaultConfigurationIsVisible = 0;
		};
/* End XCConfigurationList section */
	};
	rootObject = 722804031A84269A00951C7B /* Project object */;
}
